
Microsoft Visual Studio Solution File, Format Version 12.00
# Visual Studio Version 16
VisualStudioVersion = 16.0.30114.105
MinimumVisualStudioVersion = 10.0.40219.1
Project("{FAE04EC0-301F-11D3-BF4B-00C04F79EFBC}") = "Api", "Api\Api.csproj", "{466123B5-F668-4B4F-BD0D-D941C33258C8}"
EndProject
Project("{FAE04EC0-301F-11D3-BF4B-00C04F79EFBC}") = "Notification", "Notification\Notification.csproj", "{1389F088-E9C0-45D0-913D-66619D05FB0A}"
EndProject
Project("{FAE04EC0-301F-11D3-BF4B-00C04F79EFBC}") = "Workflow", "Workflow\Workflow.csproj", "{75BDF6A9-4589-4A8E-948A-70A9FA450441}"
EndProject
Global
	GlobalSection(SolutionConfigurationPlatforms) = preSolution
		Debug|Any CPU = Debug|Any CPU
		Release|Any CPU = Release|Any CPU
	EndGlobalSection
	GlobalSection(SolutionProperties) = preSolution
		HideSolutionNode = FALSE
	EndGlobalSection
	GlobalSection(ProjectConfigurationPlatforms) = postSolution
		{466123B5-F668-4B4F-BD0D-D941C33258C8}.Debug|Any CPU.ActiveCfg = Debug|Any CPU
		{466123B5-F668-4B4F-BD0D-D941C33258C8}.Debug|Any CPU.Build.0 = Debug|Any CPU
		{466123B5-F668-4B4F-BD0D-D941C33258C8}.Release|Any CPU.ActiveCfg = Release|Any CPU
		{466123B5-F668-4B4F-BD0D-D941C33258C8}.Release|Any CPU.Build.0 = Release|Any CPU
		{1389F088-E9C0-45D0-913D-66619D05FB0A}.Debug|Any CPU.ActiveCfg = Debug|Any CPU
		{1389F088-E9C0-45D0-913D-66619D05FB0A}.Debug|Any CPU.Build.0 = Debug|Any CPU
		{1389F088-E9C0-45D0-913D-66619D05FB0A}.Release|Any CPU.ActiveCfg = Release|Any CPU
		{1389F088-E9C0-45D0-913D-66619D05FB0A}.Release|Any CPU.Build.0 = Release|Any CPU
		{75BDF6A9-4589-4A8E-948A-70A9FA450441}.Debug|Any CPU.ActiveCfg = Debug|Any CPU
		{75BDF6A9-4589-4A8E-948A-70A9FA450441}.Debug|Any CPU.Build.0 = Debug|Any CPU
		{75BDF6A9-4589-4A8E-948A-70A9FA450441}.Release|Any CPU.ActiveCfg = Release|Any CPU
		{75BDF6A9-4589-4A8E-948A-70A9FA450441}.Release|Any CPU.Build.0 = Release|Any CPU
	EndGlobalSection
EndGlobal
